# This file is autogenerated, do not edit; changes may be undone by the next 'dep ensure'.


[[projects]]
  digest = "1:86f4db2ebb890731d1e9d65057afe43f27616b27a72db53e35605b16525c7a4b"
  name = "github.com/beevik/etree"
  packages = ["."]
  pruneopts = "UT"
  revision = "af219c0c7ea1b67ec263c0b1b1b96d284a9181ce"

[[projects]]
  digest = "1:5c1b96c14bb5c7ab47a9970f453eaab69ce6e0f4f938fc1a0bdbd1a8f8addb0a"
  name = "github.com/laurent22/ical-go"
  packages = ["."]
  pruneopts = "UT"
  revision = "e4fec34929693e2a4ba299d16380c55bac3fb42c"

[[projects]]
  branch = "master"
  digest = "1:ec503463cfaa11c3d26b1b1e092c779d9887660ef54ddef9be15510b6be9af24"
  name = "github.com/samedi/caldav-go"
  packages = [
    "data",
    "errs",
    "files",
    "global",
    "handlers",
    "ixml",
    "lib",
    "test",
  ]
  pruneopts = "UT"
  revision = "2a4eb8b5dcc942e60258f304d4fc24c7c5496fca"

[[projects]]
  digest = "1:bf70347b7a11da9d4d487904e86f286e41aae1f938e1caf627c45ff7594e9774"
  name = "github.com/yosssi/gohtml"
  packages = ["."]
  pruneopts = "UT"
  revision = "9b7db94d32d9901e7ad2488fddf91f7b9fcc36c8"

[[projects]]
  digest = "1:8b0f5ac7ba7986beb5697d96a4c3b138a310db884dbf07a59bcf8adf64aa0009"
  name = "golang.org/x/net"
  packages = [
    "html",
    "html/atom",
  ]
  pruneopts = "UT"
  revision = "c92cdcb05f66ce5b61460e23498d2dc5fcf69aaf"

[solve-meta]
  analyzer-name = "dep"
  analyzer-version = 1
  input-imports = [
    "github.com/beevik/etree",
    "github.com/laurent22/ical-go",
    "github.com/samedi/caldav-go/data",
    "github.com/samedi/caldav-go/errs",
    "github.com/samedi/caldav-go/files",
    "github.com/samedi/caldav-go/global",
    "github.com/samedi/caldav-go/handlers",
    "github.com/samedi/caldav-go/ixml",
    "github.com/samedi/caldav-go/lib",
    "github.com/samedi/caldav-go/test",
    "github.com/yosssi/gohtml",
  ]
  solver-name = "gps-cdcl"
  solver-version = 1
